
Microsoft Visual Studio Solution File, Format Version 12.00
# Visual Studio Version 16
VisualStudioVersion = 16.0.30503.244
MinimumVisualStudioVersion = 10.0.40219.1
Project("{8BC9CEB8-8B4A-11D0-8D11-00A0C91BC942}") = "task01", "task01\task01.vcxproj", "{E41E2E22-3348-4CB4-9A80-600CE903EE00}"
EndProject
Project("{8BC9CEB8-8B4A-11D0-8D11-00A0C91BC942}") = "task02", "task02\task02.vcxproj", "{5C64164C-3AF9-42A0-B687-3AE27D299809}"
EndProject
Project("{8BC9CEB8-8B4A-11D0-8D11-00A0C91BC942}") = "task03", "task03\task03.vcxproj", "{984F9977-C5CC-4FBF-A74D-D4EC09B7D958}"
EndProject
Global
	GlobalSection(SolutionConfigurationPlatforms) = preSolution
		Debug|x64 = Debug|x64
		Debug|x86 = Debug|x86
		Release|x64 = Release|x64
		Release|x86 = Release|x86
	EndGlobalSection
	GlobalSection(ProjectConfigurationPlatforms) = postSolution
		{E41E2E22-3348-4CB4-9A80-600CE903EE00}.Debug|x64.ActiveCfg = Debug|x64
		{E41E2E22-3348-4CB4-9A80-600CE903EE00}.Debug|x64.Build.0 = Debug|x64
		{E41E2E22-3348-4CB4-9A80-600CE903EE00}.Debug|x86.ActiveCfg = Debug|Win32
		{E41E2E22-3348-4CB4-9A80-600CE903EE00}.Debug|x86.Build.0 = Debug|Win32
		{E41E2E22-3348-4CB4-9A80-600CE903EE00}.Release|x64.ActiveCfg = Release|x64
		{E41E2E22-3348-4CB4-9A80-600CE903EE00}.Release|x64.Build.0 = Release|x64
		{E41E2E22-3348-4CB4-9A80-600CE903EE00}.Release|x86.ActiveCfg = Release|Win32
		{E41E2E22-3348-4CB4-9A80-600CE903EE00}.Release|x86.Build.0 = Release|Win32
		{5C64164C-3AF9-42A0-B687-3AE27D299809}.Debug|x64.ActiveCfg = Debug|x64
		{5C64164C-3AF9-42A0-B687-3AE27D299809}.Debug|x64.Build.0 = Debug|x64
		{5C64164C-3AF9-42A0-B687-3AE27D299809}.Debug|x86.ActiveCfg = Debug|Win32
		{5C64164C-3AF9-42A0-B687-3AE27D299809}.Debug|x86.Build.0 = Debug|Win32
		{5C64164C-3AF9-42A0-B687-3AE27D299809}.Release|x64.ActiveCfg = Release|x64
		{5C64164C-3AF9-42A0-B687-3AE27D299809}.Release|x64.Build.0 = Release|x64
		{5C64164C-3AF9-42A0-B687-3AE27D299809}.Release|x86.ActiveCfg = Release|Win32
		{5C64164C-3AF9-42A0-B687-3AE27D299809}.Release|x86.Build.0 = Release|Win32
		{984F9977-C5CC-4FBF-A74D-D4EC09B7D958}.Debug|x64.ActiveCfg = Debug|x64
		{984F9977-C5CC-4FBF-A74D-D4EC09B7D958}.Debug|x64.Build.0 = Debug|x64
		{984F9977-C5CC-4FBF-A74D-D4EC09B7D958}.Debug|x86.ActiveCfg = Debug|Win32
		{984F9977-C5CC-4FBF-A74D-D4EC09B7D958}.Debug|x86.Build.0 = Debug|Win32
		{984F9977-C5CC-4FBF-A74D-D4EC09B7D958}.Release|x64.ActiveCfg = Release|x64
		{984F9977-C5CC-4FBF-A74D-D4EC09B7D958}.Release|x64.Build.0 = Release|x64
		{984F9977-C5CC-4FBF-A74D-D4EC09B7D958}.Release|x86.ActiveCfg = Release|Win32
		{984F9977-C5CC-4FBF-A74D-D4EC09B7D958}.Release|x86.Build.0 = Release|Win32
	EndGlobalSection
	GlobalSection(SolutionProperties) = preSolution
		HideSolutionNode = FALSE
	EndGlobalSection
	GlobalSection(ExtensibilityGlobals) = postSolution
		SolutionGuid = {837779E6-F478-4458-AA98-4F789E0787E0}
	EndGlobalSection
EndGlobal
